
Microsoft Visual Studio Solution File, Format Version 12.00
# Visual Studio Express 2012 for Windows Desktop
Project("{FAE04EC0-301F-11D3-BF4B-00C04F79EFBC}") = "BlackJack", "BlackJack\BlackJack.csproj", "{D46479C6-5802-4139-82D8-ADF5A8E79985}"
EndProject
Project("{FAE04EC0-301F-11D3-BF4B-00C04F79EFBC}") = "UnitTests", "UnitTests\UnitTests.csproj", "{AF670FBB-C058-4B46-BE23-374D1719DB26}"
EndProject
Global
	GlobalSection(SolutionConfigurationPlatforms) = preSolution
		Debug|Any CPU = Debug|Any CPU
		Debug|Mixed Platforms = Debug|Mixed Platforms
		Debug|x86 = Debug|x86
		Release|Any CPU = Release|Any CPU
		Release|Mixed Platforms = Release|Mixed Platforms
		Release|x86 = Release|x86
	EndGlobalSection
	GlobalSection(ProjectConfigurationPlatforms) = postSolution
		{D46479C6-5802-4139-82D8-ADF5A8E79985}.Debug|Any CPU.ActiveCfg = Debug|x86
		{D46479C6-5802-4139-82D8-ADF5A8E79985}.Debug|Mixed Platforms.ActiveCfg = Debug|x86
		{D46479C6-5802-4139-82D8-ADF5A8E79985}.Debug|Mixed Platforms.Build.0 = Debug|x86
		{D46479C6-5802-4139-82D8-ADF5A8E79985}.Debug|x86.ActiveCfg = Debug|x86
		{D46479C6-5802-4139-82D8-ADF5A8E79985}.Debug|x86.Build.0 = Debug|x86
		{D46479C6-5802-4139-82D8-ADF5A8E79985}.Release|Any CPU.ActiveCfg = Release|x86
		{D46479C6-5802-4139-82D8-ADF5A8E79985}.Release|Mixed Platforms.ActiveCfg = Release|x86
		{D46479C6-5802-4139-82D8-ADF5A8E79985}.Release|Mixed Platforms.Build.0 = Release|x86
		{D46479C6-5802-4139-82D8-ADF5A8E79985}.Release|x86.ActiveCfg = Release|x86
		{D46479C6-5802-4139-82D8-ADF5A8E79985}.Release|x86.Build.0 = Release|x86
		{AF670FBB-C058-4B46-BE23-374D1719DB26}.Debug|Any CPU.ActiveCfg = Debug|Any CPU
		{AF670FBB-C058-4B46-BE23-374D1719DB26}.Debug|Any CPU.Build.0 = Debug|Any CPU
		{AF670FBB-C058-4B46-BE23-374D1719DB26}.Debug|Mixed Platforms.ActiveCfg = Debug|Any CPU
		{AF670FBB-C058-4B46-BE23-374D1719DB26}.Debug|Mixed Platforms.Build.0 = Debug|Any CPU
		{AF670FBB-C058-4B46-BE23-374D1719DB26}.Debug|x86.ActiveCfg = Debug|Any CPU
		{AF670FBB-C058-4B46-BE23-374D1719DB26}.Release|Any CPU.ActiveCfg = Release|Any CPU
		{AF670FBB-C058-4B46-BE23-374D1719DB26}.Release|Any CPU.Build.0 = Release|Any CPU
		{AF670FBB-C058-4B46-BE23-374D1719DB26}.Release|Mixed Platforms.ActiveCfg = Release|Any CPU
		{AF670FBB-C058-4B46-BE23-374D1719DB26}.Release|Mixed Platforms.Build.0 = Release|Any CPU
		{AF670FBB-C058-4B46-BE23-374D1719DB26}.Release|x86.ActiveCfg = Release|Any CPU
	EndGlobalSection
	GlobalSection(SolutionProperties) = preSolution
		HideSolutionNode = FALSE
	EndGlobalSection
EndGlobal
